
Microsoft Visual Studio Solution File, Format Version 12.00
# Visual Studio Version 17
VisualStudioVersion = 17.2.32516.85
MinimumVisualStudioVersion = 10.0.40219.1
Project("{FAE04EC0-301F-11D3-BF4B-00C04F79EFBC}") = "SchoolSystem", "SchoolSystem.csproj", "{A4EF4D59-01C5-4612-8870-6EB19FE2F135}"
EndProject
Global
	GlobalSection(SolutionConfigurationPlatforms) = preSolution
		Debug|Any CPU = Debug|Any CPU
		Release|Any CPU = Release|Any CPU
	EndGlobalSection
	GlobalSection(ProjectConfigurationPlatforms) = postSolution
		{A4EF4D59-01C5-4612-8870-6EB19FE2F135}.Debug|Any CPU.ActiveCfg = Debug|Any CPU
		{A4EF4D59-01C5-4612-8870-6EB19FE2F135}.Debug|Any CPU.Build.0 = Debug|Any CPU
		{A4EF4D59-01C5-4612-8870-6EB19FE2F135}.Release|Any CPU.ActiveCfg = Release|Any CPU
		{A4EF4D59-01C5-4612-8870-6EB19FE2F135}.Release|Any CPU.Build.0 = Release|Any CPU
	EndGlobalSection
	GlobalSection(SolutionProperties) = preSolution
		HideSolutionNode = FALSE
	EndGlobalSection
	GlobalSection(ExtensibilityGlobals) = postSolution
		SolutionGuid = {9AE500ED-EB11-4C49-953D-B8246D9FF27D}
	EndGlobalSection
EndGlobal
